
Microsoft Visual Studio Solution File, Format Version 12.00
# Visual Studio 2013
VisualStudioVersion = 12.0.31101.0
MinimumVisualStudioVersion = 10.0.40219.1
Project("{FAE04EC0-301F-11D3-BF4B-00C04F79EFBC}") = "APlusGenerator", "APlusGenerator\APlusGenerator.csproj", "{57C97BB4-14B8-4ED5-847C-DDF8EC9A3C7F}"
EndProject
Project("{FAE04EC0-301F-11D3-BF4B-00C04F79EFBC}") = "Gma.QrCodeNet.Encoding", "..\Gma.QrCodeNet.Encoder\Gma.QrCodeNet.Encoding.csproj", "{AA3FD0C4-5577-4327-8486-AA4F5903DB9B}"
EndProject
Global
	GlobalSection(SolutionConfigurationPlatforms) = preSolution
		Debug|Any CPU = Debug|Any CPU
		Release|Any CPU = Release|Any CPU
	EndGlobalSection
	GlobalSection(ProjectConfigurationPlatforms) = postSolution
		{57C97BB4-14B8-4ED5-847C-DDF8EC9A3C7F}.Debug|Any CPU.ActiveCfg = Debug|Any CPU
		{57C97BB4-14B8-4ED5-847C-DDF8EC9A3C7F}.Debug|Any CPU.Build.0 = Debug|Any CPU
		{57C97BB4-14B8-4ED5-847C-DDF8EC9A3C7F}.Release|Any CPU.ActiveCfg = Release|Any CPU
		{57C97BB4-14B8-4ED5-847C-DDF8EC9A3C7F}.Release|Any CPU.Build.0 = Release|Any CPU
		{AA3FD0C4-5577-4327-8486-AA4F5903DB9B}.Debug|Any CPU.ActiveCfg = Debug|Any CPU
		{AA3FD0C4-5577-4327-8486-AA4F5903DB9B}.Debug|Any CPU.Build.0 = Debug|Any CPU
		{AA3FD0C4-5577-4327-8486-AA4F5903DB9B}.Release|Any CPU.ActiveCfg = Release|Any CPU
		{AA3FD0C4-5577-4327-8486-AA4F5903DB9B}.Release|Any CPU.Build.0 = Release|Any CPU
	EndGlobalSection
	GlobalSection(SolutionProperties) = preSolution
		HideSolutionNode = FALSE
	EndGlobalSection
EndGlobal
